<?xml version="1.0" encoding="UTF-8"?>
<!DOCTYPE plist PUBLIC "-//Apple//DTD PLIST 1.0//EN" "http://www.apple.com/DTDs/PropertyList-1.0.dtd">
<plist version="1.0">
<dict>
	<key>archiveVersion</key>
	<string>1</string>
	<key>classes</key>
	<dict/>
	<key>objectVersion</key>
	<string>46</string>
	<key>objects</key>
	<dict>
		<key>02CF694BA0C17C3BF59CC346</key>
		<dict>
			<key>buildActionMask</key>
			<string>2147483647</string>
			<key>files</key>
			<array/>
			<key>inputPaths</key>
			<array/>
			<key>isa</key>
			<string>PBXShellScriptBuildPhase</string>
			<key>name</key>
			<string>Copy Pods Resources</string>
			<key>outputPaths</key>
			<array/>
			<key>runOnlyForDeploymentPostprocessing</key>
			<string>0</string>
			<key>shellPath</key>
			<string>/bin/sh</string>
			<key>shellScript</key>
			<string>"${SRCROOT}/Pods/Target Support Files/Pods/Pods-resources.sh"
</string>
			<key>showEnvVarsInLog</key>
			<string>0</string>
		</dict>
		<key>133F2AE77DF9DC1391F4E605</key>
		<dict>
			<key>includeInIndex</key>
			<string>1</string>
			<key>isa</key>
			<string>PBXFileReference</string>
			<key>lastKnownFileType</key>
			<string>text.xcconfig</string>
			<key>name</key>
			<string>Pods.release.xcconfig</string>
			<key>path</key>
			<string>Pods/Target Support Files/Pods/Pods.release.xcconfig</string>
			<key>sourceTree</key>
			<string>&lt;group&gt;</string>
		</dict>
		<key>232943889BCEE2BB2BDA9FA8</key>
		<dict>
			<key>explicitFileType</key>
			<string>archive.ar</string>
			<key>includeInIndex</key>
			<string>0</string>
			<key>isa</key>
			<string>PBXFileReference</string>
			<key>path</key>
			<string>libPods.a</string>
			<key>sourceTree</key>
			<string>BUILT_PRODUCTS_DIR</string>
		</dict>
		<key>263CE9D11AA6163600ED14DB</key>
		<dict>
			<key>children</key>
			<array>
				<string>263CE9DC1AA6163800ED14DB</string>
				<string>263CE9F21AA6163A00ED14DB</string>
				<string>263CE9DB1AA6163800ED14DB</string>
				<string>D7F8984276D4F2DC62B9C288</string>
				<string>53788D7C0FF3421F46F8B417</string>
			</array>
			<key>isa</key>
			<string>PBXGroup</string>
			<key>sourceTree</key>
			<string>&lt;group&gt;</string>
		</dict>
		<key>263CE9D21AA6163600ED14DB</key>
		<dict>
			<key>attributes</key>
			<dict>
				<key>LastUpgradeCheck</key>
				<string>0610</string>
				<key>ORGANIZATIONNAME</key>
				<string>Timur Tatarshaov</string>
				<key>TargetAttributes</key>
				<dict>
					<key>263CE9D91AA6163700ED14DB</key>
					<dict>
						<key>CreatedOnToolsVersion</key>
						<string>6.1.1</string>
					</dict>
					<key>263CE9EE1AA6163A00ED14DB</key>
					<dict>
						<key>CreatedOnToolsVersion</key>
						<string>6.1.1</string>
						<key>TestTargetID</key>
						<string>263CE9D91AA6163700ED14DB</string>
					</dict>
				</dict>
			</dict>
			<key>buildConfigurationList</key>
			<string>263CE9D51AA6163700ED14DB</string>
			<key>compatibilityVersion</key>
			<string>Xcode 3.2</string>
			<key>developmentRegion</key>
			<string>English</string>
			<key>hasScannedForEncodings</key>
			<string>0</string>
			<key>isa</key>
			<string>PBXProject</string>
			<key>knownRegions</key>
			<array>
				<string>en</string>
				<string>Base</string>
			</array>
			<key>mainGroup</key>
			<string>263CE9D11AA6163600ED14DB</string>
			<key>productRefGroup</key>
			<string>263CE9DB1AA6163800ED14DB</string>
			<key>projectDirPath</key>
			<string></string>
			<key>projectReferences</key>
			<array/>
			<key>projectRoot</key>
			<string></string>
			<key>targets</key>
			<array>
				<string>263CE9D91AA6163700ED14DB</string>
				<string>263CE9EE1AA6163A00ED14DB</string>
			</array>
		</dict>
		<key>263CE9D51AA6163700ED14DB</key>
		<dict>
			<key>buildConfigurations</key>
			<array>
				<string>263CE9F71AA6163A00ED14DB</string>
				<string>263CE9F81AA6163A00ED14DB</string>
			</array>
			<key>defaultConfigurationIsVisible</key>
			<string>0</string>
			<key>defaultConfigurationName</key>
			<string>Release</string>
			<key>isa</key>
			<string>XCConfigurationList</string>
		</dict>
		<key>263CE9D61AA6163700ED14DB</key>
		<dict>
			<key>buildActionMask</key>
			<string>2147483647</string>
			<key>files</key>
			<array>
				<string>264BC4651AA6564A00B9E14F</string>
				<string>264BC4601AA64BFC00B9E14F</string>
				<string>264BC4811AACBCD900B9E14F</string>
				<string>264BC46B1AAB66E900B9E14F</string>
				<string>264BC4631AA6563300B9E14F</string>
				<string>264BC47F1AABC7A400B9E14F</string>
				<string>264BC4881AADDD1A00B9E14F</string>
				<string>263CE9E21AA6163800ED14DB</string>
				<string>263CE9E01AA6163800ED14DB</string>
				<string>264BC47B1AABC30900B9E14F</string>
				<string>264BC45E1AA64B6400B9E14F</string>
				<string>264BC4891AADDD1A00B9E14F</string>
				<string>264BC4851AACEB3C00B9E14F</string>
				<string>264BC4691AAA277600B9E14F</string>
				<string>264BC47D1AABC47600B9E14F</string>
				<string>264BC4671AA73F7900B9E14F</string>
			</array>
			<key>isa</key>
			<string>PBXSourcesBuildPhase</string>
			<key>runOnlyForDeploymentPostprocessing</key>
			<string>0</string>
		</dict>
		<key>263CE9D71AA6163700ED14DB</key>
		<dict>
			<key>buildActionMask</key>
			<string>2147483647</string>
			<key>files</key>
			<array>
				<string>CA8200ADA47BB5B87A29600E</string>
			</array>
			<key>isa</key>
			<string>PBXFrameworksBuildPhase</string>
			<key>runOnlyForDeploymentPostprocessing</key>
			<string>0</string>
		</dict>
		<key>263CE9D81AA6163700ED14DB</key>
		<dict>
			<key>buildActionMask</key>
			<string>2147483647</string>
			<key>files</key>
			<array>
				<string>263CE9E51AA6163800ED14DB</string>
				<string>264BC4761AAB77E800B9E14F</string>
				<string>264BC45B1AA64AEE00B9E14F</string>
				<string>263CE9EA1AA6163800ED14DB</string>
				<string>263CE9E71AA6163800ED14DB</string>
				<string>264BC4741AAB77E800B9E14F</string>
				<string>264BC4751AAB77E800B9E14F</string>
				<string>264BC4771AAB77E800B9E14F</string>
			</array>
			<key>isa</key>
			<string>PBXResourcesBuildPhase</string>
			<key>runOnlyForDeploymentPostprocessing</key>
			<string>0</string>
		</dict>
		<key>263CE9D91AA6163700ED14DB</key>
		<dict>
			<key>buildConfigurationList</key>
			<string>263CE9F91AA6163A00ED14DB</string>
			<key>buildPhases</key>
			<array>
				<string>810A645BA22C89C68C720AC5</string>
				<string>263CE9D61AA6163700ED14DB</string>
				<string>263CE9D71AA6163700ED14DB</string>
				<string>263CE9D81AA6163700ED14DB</string>
				<string>02CF694BA0C17C3BF59CC346</string>
			</array>
			<key>buildRules</key>
			<array/>
			<key>dependencies</key>
			<array/>
			<key>isa</key>
			<string>PBXNativeTarget</string>
			<key>name</key>
			<string>Test app</string>
			<key>productName</key>
			<string>Test app</string>
			<key>productReference</key>
			<string>263CE9DA1AA6163800ED14DB</string>
			<key>productType</key>
			<string>com.apple.product-type.application</string>
		</dict>
		<key>263CE9DA1AA6163800ED14DB</key>
		<dict>
			<key>explicitFileType</key>
			<string>wrapper.application</string>
			<key>includeInIndex</key>
			<string>0</string>
			<key>isa</key>
			<string>PBXFileReference</string>
			<key>path</key>
			<string>Test app.app</string>
			<key>sourceTree</key>
			<string>BUILT_PRODUCTS_DIR</string>
		</dict>
		<key>263CE9DB1AA6163800ED14DB</key>
		<dict>
			<key>children</key>
			<array>
				<string>263CE9DA1AA6163800ED14DB</string>
				<string>263CE9EF1AA6163A00ED14DB</string>
			</array>
			<key>isa</key>
			<string>PBXGroup</string>
			<key>name</key>
			<string>Products</string>
			<key>sourceTree</key>
			<string>&lt;group&gt;</string>
		</dict>
		<key>263CE9DC1AA6163800ED14DB</key>
		<dict>
			<key>children</key>
			<array>
				<string>263CE9DF1AA6163800ED14DB</string>
				<string>263CE9E11AA6163800ED14DB</string>
				<string>263CE9E31AA6163800ED14DB</string>
				<string>264BC4831AACEACD00B9E14F</string>
				<string>264BC45C1AA64B5100B9E14F</string>
				<string>264BC4611AA6556100B9E14F</string>
				<string>263CE9E61AA6163800ED14DB</string>
				<string>263CE9E81AA6163800ED14DB</string>
				<string>263CE9DD1AA6163800ED14DB</string>
			</array>
			<key>isa</key>
			<string>PBXGroup</string>
			<key>path</key>
			<string>Test app</string>
			<key>sourceTree</key>
			<string>&lt;group&gt;</string>
		</dict>
		<key>263CE9DD1AA6163800ED14DB</key>
		<dict>
			<key>children</key>
			<array>
				<string>264BC45A1AA64AEE00B9E14F</string>
				<string>264BC46E1AAB77E700B9E14F</string>
				<string>263CE9DE1AA6163800ED14DB</string>
			</array>
			<key>isa</key>
			<string>PBXGroup</string>
			<key>name</key>
			<string>Supporting Files</string>
			<key>sourceTree</key>
			<string>&lt;group&gt;</string>
		</dict>
		<key>263CE9DE1AA6163800ED14DB</key>
		<dict>
			<key>isa</key>
			<string>PBXFileReference</string>
			<key>lastKnownFileType</key>
			<string>text.plist.xml</string>
			<key>path</key>
			<string>Info.plist</string>
			<key>sourceTree</key>
			<string>&lt;group&gt;</string>
		</dict>
		<key>263CE9DF1AA6163800ED14DB</key>
		<dict>
			<key>isa</key>
			<string>PBXFileReference</string>
			<key>lastKnownFileType</key>
			<string>sourcecode.swift</string>
			<key>path</key>
			<string>AppDelegate.swift</string>
			<key>sourceTree</key>
			<string>&lt;group&gt;</string>
		</dict>
		<key>263CE9E01AA6163800ED14DB</key>
		<dict>
			<key>fileRef</key>
			<string>263CE9DF1AA6163800ED14DB</string>
			<key>isa</key>
			<string>PBXBuildFile</string>
		</dict>
		<key>263CE9E11AA6163800ED14DB</key>
		<dict>
			<key>isa</key>
			<string>PBXFileReference</string>
			<key>lastKnownFileType</key>
			<string>sourcecode.swift</string>
			<key>path</key>
			<string>ViewController.swift</string>
			<key>sourceTree</key>
			<string>&lt;group&gt;</string>
		</dict>
		<key>263CE9E21AA6163800ED14DB</key>
		<dict>
			<key>fileRef</key>
			<string>263CE9E11AA6163800ED14DB</string>
			<key>isa</key>
			<string>PBXBuildFile</string>
		</dict>
		<key>263CE9E31AA6163800ED14DB</key>
		<dict>
			<key>children</key>
			<array>
				<string>263CE9E41AA6163800ED14DB</string>
			</array>
			<key>isa</key>
			<string>PBXVariantGroup</string>
			<key>name</key>
			<string>Main.storyboard</string>
			<key>sourceTree</key>
			<string>&lt;group&gt;</string>
		</dict>
		<key>263CE9E41AA6163800ED14DB</key>
		<dict>
			<key>isa</key>
			<string>PBXFileReference</string>
			<key>lastKnownFileType</key>
			<string>file.storyboard</string>
			<key>name</key>
			<string>Base</string>
			<key>path</key>
			<string>Base.lproj/Main.storyboard</string>
			<key>sourceTree</key>
			<string>&lt;group&gt;</string>
		</dict>
		<key>263CE9E51AA6163800ED14DB</key>
		<dict>
			<key>fileRef</key>
			<string>263CE9E31AA6163800ED14DB</string>
			<key>isa</key>
			<string>PBXBuildFile</string>
		</dict>
		<key>263CE9E61AA6163800ED14DB</key>
		<dict>
			<key>isa</key>
			<string>PBXFileReference</string>
			<key>lastKnownFileType</key>
			<string>folder.assetcatalog</string>
			<key>path</key>
			<string>Images.xcassets</string>
			<key>sourceTree</key>
			<string>&lt;group&gt;</string>
		</dict>
		<key>263CE9E71AA6163800ED14DB</key>
		<dict>
			<key>fileRef</key>
			<string>263CE9E61AA6163800ED14DB</string>
			<key>isa</key>
			<string>PBXBuildFile</string>
		</dict>
		<key>263CE9E81AA6163800ED14DB</key>
		<dict>
			<key>children</key>
			<array>
				<string>263CE9E91AA6163800ED14DB</string>
			</array>
			<key>isa</key>
			<string>PBXVariantGroup</string>
			<key>name</key>
			<string>LaunchScreen.xib</string>
			<key>sourceTree</key>
			<string>&lt;group&gt;</string>
		</dict>
		<key>263CE9E91AA6163800ED14DB</key>
		<dict>
			<key>isa</key>
			<string>PBXFileReference</string>
			<key>lastKnownFileType</key>
			<string>file.xib</string>
			<key>name</key>
			<string>Base</string>
			<key>path</key>
			<string>Base.lproj/LaunchScreen.xib</string>
			<key>sourceTree</key>
			<string>&lt;group&gt;</string>
		</dict>
		<key>263CE9EA1AA6163800ED14DB</key>
		<dict>
			<key>fileRef</key>
			<string>263CE9E81AA6163800ED14DB</string>
			<key>isa</key>
			<string>PBXBuildFile</string>
		</dict>
		<key>263CE9EB1AA6163A00ED14DB</key>
		<dict>
			<key>buildActionMask</key>
			<string>2147483647</string>
			<key>files</key>
			<array>
				<string>263CE9F61AA6163A00ED14DB</string>
			</array>
			<key>isa</key>
			<string>PBXSourcesBuildPhase</string>
			<key>runOnlyForDeploymentPostprocessing</key>
			<string>0</string>
		</dict>
		<key>263CE9EC1AA6163A00ED14DB</key>
		<dict>
			<key>buildActionMask</key>
			<string>2147483647</string>
			<key>files</key>
			<array/>
			<key>isa</key>
			<string>PBXFrameworksBuildPhase</string>
			<key>runOnlyForDeploymentPostprocessing</key>
			<string>0</string>
		</dict>
		<key>263CE9ED1AA6163A00ED14DB</key>
		<dict>
			<key>buildActionMask</key>
			<string>2147483647</string>
			<key>files</key>
			<array/>
			<key>isa</key>
			<string>PBXResourcesBuildPhase</string>
			<key>runOnlyForDeploymentPostprocessing</key>
			<string>0</string>
		</dict>
		<key>263CE9EE1AA6163A00ED14DB</key>
		<dict>
			<key>buildConfigurationList</key>
			<string>263CE9FC1AA6163A00ED14DB</string>
			<key>buildPhases</key>
			<array>
				<string>263CE9EB1AA6163A00ED14DB</string>
				<string>263CE9EC1AA6163A00ED14DB</string>
				<string>263CE9ED1AA6163A00ED14DB</string>
			</array>
			<key>buildRules</key>
			<array/>
			<key>dependencies</key>
			<array>
				<string>263CE9F11AA6163A00ED14DB</string>
			</array>
			<key>isa</key>
			<string>PBXNativeTarget</string>
			<key>name</key>
			<string>Test appTests</string>
			<key>productName</key>
			<string>Test appTests</string>
			<key>productReference</key>
			<string>263CE9EF1AA6163A00ED14DB</string>
			<key>productType</key>
			<string>com.apple.product-type.bundle.unit-test</string>
		</dict>
		<key>263CE9EF1AA6163A00ED14DB</key>
		<dict>
			<key>explicitFileType</key>
			<string>wrapper.cfbundle</string>
			<key>includeInIndex</key>
			<string>0</string>
			<key>isa</key>
			<string>PBXFileReference</string>
			<key>path</key>
			<string>Test appTests.xctest</string>
			<key>sourceTree</key>
			<string>BUILT_PRODUCTS_DIR</string>
		</dict>
		<key>263CE9F01AA6163A00ED14DB</key>
		<dict>
			<key>containerPortal</key>
			<string>263CE9D21AA6163600ED14DB</string>
			<key>isa</key>
			<string>PBXContainerItemProxy</string>
			<key>proxyType</key>
			<string>1</string>
			<key>remoteGlobalIDString</key>
			<string>263CE9D91AA6163700ED14DB</string>
			<key>remoteInfo</key>
			<string>Test app</string>
		</dict>
		<key>263CE9F11AA6163A00ED14DB</key>
		<dict>
			<key>isa</key>
			<string>PBXTargetDependency</string>
			<key>target</key>
			<string>263CE9D91AA6163700ED14DB</string>
			<key>targetProxy</key>
			<string>263CE9F01AA6163A00ED14DB</string>
		</dict>
		<key>263CE9F21AA6163A00ED14DB</key>
		<dict>
			<key>children</key>
			<array>
				<string>263CE9F51AA6163A00ED14DB</string>
				<string>263CE9F31AA6163A00ED14DB</string>
			</array>
			<key>isa</key>
			<string>PBXGroup</string>
			<key>path</key>
			<string>Test appTests</string>
			<key>sourceTree</key>
			<string>&lt;group&gt;</string>
		</dict>
		<key>263CE9F31AA6163A00ED14DB</key>
		<dict>
			<key>children</key>
			<array>
				<string>263CE9F41AA6163A00ED14DB</string>
			</array>
			<key>isa</key>
			<string>PBXGroup</string>
			<key>name</key>
			<string>Supporting Files</string>
			<key>sourceTree</key>
			<string>&lt;group&gt;</string>
		</dict>
		<key>263CE9F41AA6163A00ED14DB</key>
		<dict>
			<key>isa</key>
			<string>PBXFileReference</string>
			<key>lastKnownFileType</key>
			<string>text.plist.xml</string>
			<key>path</key>
			<string>Info.plist</string>
			<key>sourceTree</key>
			<string>&lt;group&gt;</string>
		</dict>
		<key>263CE9F51AA6163A00ED14DB</key>
		<dict>
			<key>isa</key>
			<string>PBXFileReference</string>
			<key>lastKnownFileType</key>
			<string>sourcecode.swift</string>
			<key>path</key>
			<string>Test_appTests.swift</string>
			<key>sourceTree</key>
			<string>&lt;group&gt;</string>
		</dict>
		<key>263CE9F61AA6163A00ED14DB</key>
		<dict>
			<key>fileRef</key>
			<string>263CE9F51AA6163A00ED14DB</string>
			<key>isa</key>
			<string>PBXBuildFile</string>
		</dict>
		<key>263CE9F71AA6163A00ED14DB</key>
		<dict>
			<key>buildSettings</key>
			<dict>
				<key>ALWAYS_SEARCH_USER_PATHS</key>
				<string>NO</string>
				<key>CLANG_CXX_LANGUAGE_STANDARD</key>
				<string>gnu++0x</string>
				<key>CLANG_CXX_LIBRARY</key>
				<string>libc++</string>
				<key>CLANG_ENABLE_MODULES</key>
				<string>YES</string>
				<key>CLANG_ENABLE_OBJC_ARC</key>
				<string>YES</string>
				<key>CLANG_WARN_BOOL_CONVERSION</key>
				<string>YES</string>
				<key>CLANG_WARN_CONSTANT_CONVERSION</key>
				<string>YES</string>
				<key>CLANG_WARN_DIRECT_OBJC_ISA_USAGE</key>
				<string>YES_ERROR</string>
				<key>CLANG_WARN_EMPTY_BODY</key>
				<string>YES</string>
				<key>CLANG_WARN_ENUM_CONVERSION</key>
				<string>YES</string>
				<key>CLANG_WARN_INT_CONVERSION</key>
				<string>YES</string>
				<key>CLANG_WARN_OBJC_ROOT_CLASS</key>
				<string>YES_ERROR</string>
				<key>CLANG_WARN_UNREACHABLE_CODE</key>
				<string>YES</string>
				<key>CLANG_WARN__DUPLICATE_METHOD_MATCH</key>
				<string>YES</string>
				<key>CODE_SIGN_IDENTITY[sdk=iphoneos*]</key>
				<string>iPhone Developer</string>
				<key>COPY_PHASE_STRIP</key>
				<string>NO</string>
				<key>ENABLE_STRICT_OBJC_MSGSEND</key>
				<string>YES</string>
				<key>GCC_C_LANGUAGE_STANDARD</key>
				<string>gnu99</string>
				<key>GCC_DYNAMIC_NO_PIC</key>
				<string>NO</string>
				<key>GCC_OPTIMIZATION_LEVEL</key>
				<string>0</string>
				<key>GCC_PREPROCESSOR_DEFINITIONS</key>
				<array>
					<string>DEBUG=1</string>
					<string>$(inherited)</string>
				</array>
				<key>GCC_SYMBOLS_PRIVATE_EXTERN</key>
				<string>NO</string>
				<key>GCC_WARN_64_TO_32_BIT_CONVERSION</key>
				<string>YES</string>
				<key>GCC_WARN_ABOUT_RETURN_TYPE</key>
				<string>YES_ERROR</string>
				<key>GCC_WARN_UNDECLARED_SELECTOR</key>
				<string>YES</string>
				<key>GCC_WARN_UNINITIALIZED_AUTOS</key>
				<string>YES_AGGRESSIVE</string>
				<key>GCC_WARN_UNUSED_FUNCTION</key>
				<string>YES</string>
				<key>GCC_WARN_UNUSED_VARIABLE</key>
				<string>YES</string>
				<key>IPHONEOS_DEPLOYMENT_TARGET</key>
				<string>7.1</string>
				<key>MTL_ENABLE_DEBUG_INFO</key>
				<string>YES</string>
				<key>ONLY_ACTIVE_ARCH</key>
				<string>YES</string>
				<key>SDKROOT</key>
				<string>iphoneos</string>
				<key>SWIFT_OPTIMIZATION_LEVEL</key>
				<string>-Onone</string>
			</dict>
			<key>isa</key>
			<string>XCBuildConfiguration</string>
			<key>name</key>
			<string>Debug</string>
		</dict>
		<key>263CE9F81AA6163A00ED14DB</key>
		<dict>
			<key>buildSettings</key>
			<dict>
				<key>ALWAYS_SEARCH_USER_PATHS</key>
				<string>NO</string>
				<key>CLANG_CXX_LANGUAGE_STANDARD</key>
				<string>gnu++0x</string>
				<key>CLANG_CXX_LIBRARY</key>
				<string>libc++</string>
				<key>CLANG_ENABLE_MODULES</key>
				<string>YES</string>
				<key>CLANG_ENABLE_OBJC_ARC</key>
				<string>YES</string>
				<key>CLANG_WARN_BOOL_CONVERSION</key>
				<string>YES</string>
				<key>CLANG_WARN_CONSTANT_CONVERSION</key>
				<string>YES</string>
				<key>CLANG_WARN_DIRECT_OBJC_ISA_USAGE</key>
				<string>YES_ERROR</string>
				<key>CLANG_WARN_EMPTY_BODY</key>
				<string>YES</string>
				<key>CLANG_WARN_ENUM_CONVERSION</key>
				<string>YES</string>
				<key>CLANG_WARN_INT_CONVERSION</key>
				<string>YES</string>
				<key>CLANG_WARN_OBJC_ROOT_CLASS</key>
				<string>YES_ERROR</string>
				<key>CLANG_WARN_UNREACHABLE_CODE</key>
				<string>YES</string>
				<key>CLANG_WARN__DUPLICATE_METHOD_MATCH</key>
				<string>YES</string>
				<key>CODE_SIGN_IDENTITY[sdk=iphoneos*]</key>
				<string>iPhone Developer</string>
				<key>COPY_PHASE_STRIP</key>
				<string>YES</string>
				<key>ENABLE_NS_ASSERTIONS</key>
				<string>NO</string>
				<key>ENABLE_STRICT_OBJC_MSGSEND</key>
				<string>YES</string>
				<key>GCC_C_LANGUAGE_STANDARD</key>
				<string>gnu99</string>
				<key>GCC_WARN_64_TO_32_BIT_CONVERSION</key>
				<string>YES</string>
				<key>GCC_WARN_ABOUT_RETURN_TYPE</key>
				<string>YES_ERROR</string>
				<key>GCC_WARN_UNDECLARED_SELECTOR</key>
				<string>YES</string>
				<key>GCC_WARN_UNINITIALIZED_AUTOS</key>
				<string>YES_AGGRESSIVE</string>
				<key>GCC_WARN_UNUSED_FUNCTION</key>
				<string>YES</string>
				<key>GCC_WARN_UNUSED_VARIABLE</key>
				<string>YES</string>
				<key>IPHONEOS_DEPLOYMENT_TARGET</key>
				<string>7.1</string>
				<key>MTL_ENABLE_DEBUG_INFO</key>
				<string>NO</string>
				<key>SDKROOT</key>
				<string>iphoneos</string>
				<key>VALIDATE_PRODUCT</key>
				<string>YES</string>
			</dict>
			<key>isa</key>
			<string>XCBuildConfiguration</string>
			<key>name</key>
			<string>Release</string>
		</dict>
		<key>263CE9F91AA6163A00ED14DB</key>
		<dict>
			<key>buildConfigurations</key>
			<array>
				<string>263CE9FA1AA6163A00ED14DB</string>
				<string>263CE9FB1AA6163A00ED14DB</string>
			</array>
			<key>defaultConfigurationIsVisible</key>
			<string>0</string>
			<key>defaultConfigurationName</key>
			<string>Release</string>
			<key>isa</key>
			<string>XCConfigurationList</string>
		</dict>
		<key>263CE9FA1AA6163A00ED14DB</key>
		<dict>
			<key>baseConfigurationReference</key>
			<string>F9FC8E89178D85826CD70392</string>
			<key>buildSettings</key>
			<dict>
				<key>ASSETCATALOG_COMPILER_APPICON_NAME</key>
				<string>AppIcon</string>
				<key>INFOPLIST_FILE</key>
				<string>Test app/Info.plist</string>
				<key>IPHONEOS_DEPLOYMENT_TARGET</key>
				<string>7.1</string>
				<key>LD_RUNPATH_SEARCH_PATHS</key>
				<string>$(inherited) @executable_path/Frameworks</string>
				<key>PRODUCT_NAME</key>
				<string>$(TARGET_NAME)</string>
			</dict>
			<key>isa</key>
			<string>XCBuildConfiguration</string>
			<key>name</key>
			<string>Debug</string>
		</dict>
		<key>263CE9FB1AA6163A00ED14DB</key>
		<dict>
			<key>baseConfigurationReference</key>
			<string>133F2AE77DF9DC1391F4E605</string>
			<key>buildSettings</key>
			<dict>
				<key>ASSETCATALOG_COMPILER_APPICON_NAME</key>
				<string>AppIcon</string>
				<key>INFOPLIST_FILE</key>
				<string>Test app/Info.plist</string>
				<key>IPHONEOS_DEPLOYMENT_TARGET</key>
				<string>7.1</string>
				<key>LD_RUNPATH_SEARCH_PATHS</key>
				<string>$(inherited) @executable_path/Frameworks</string>
				<key>PRODUCT_NAME</key>
				<string>$(TARGET_NAME)</string>
			</dict>
			<key>isa</key>
			<string>XCBuildConfiguration</string>
			<key>name</key>
			<string>Release</string>
		</dict>
		<key>263CE9FC1AA6163A00ED14DB</key>
		<dict>
			<key>buildConfigurations</key>
			<array>
				<string>263CE9FD1AA6163A00ED14DB</string>
				<string>263CE9FE1AA6163A00ED14DB</string>
			</array>
			<key>defaultConfigurationIsVisible</key>
			<string>0</string>
			<key>defaultConfigurationName</key>
			<string>Release</string>
			<key>isa</key>
			<string>XCConfigurationList</string>
		</dict>
		<key>263CE9FD1AA6163A00ED14DB</key>
		<dict>
			<key>buildSettings</key>
			<dict>
				<key>BUNDLE_LOADER</key>
				<string>$(TEST_HOST)</string>
				<key>FRAMEWORK_SEARCH_PATHS</key>
				<array>
					<string>$(SDKROOT)/Developer/Library/Frameworks</string>
					<string>$(inherited)</string>
				</array>
				<key>GCC_PREPROCESSOR_DEFINITIONS</key>
				<array>
					<string>DEBUG=1</string>
					<string>$(inherited)</string>
				</array>
				<key>INFOPLIST_FILE</key>
				<string>Test appTests/Info.plist</string>
				<key>LD_RUNPATH_SEARCH_PATHS</key>
				<string>$(inherited) @executable_path/Frameworks @loader_path/Frameworks</string>
				<key>PRODUCT_NAME</key>
				<string>$(TARGET_NAME)</string>
				<key>TEST_HOST</key>
				<string>$(BUILT_PRODUCTS_DIR)/Test app.app/Test app</string>
			</dict>
			<key>isa</key>
			<string>XCBuildConfiguration</string>
			<key>name</key>
			<string>Debug</string>
		</dict>
		<key>263CE9FE1AA6163A00ED14DB</key>
		<dict>
			<key>buildSettings</key>
			<dict>
				<key>BUNDLE_LOADER</key>
				<string>$(TEST_HOST)</string>
				<key>FRAMEWORK_SEARCH_PATHS</key>
				<array>
					<string>$(SDKROOT)/Developer/Library/Frameworks</string>
					<string>$(inherited)</string>
				</array>
				<key>INFOPLIST_FILE</key>
				<string>Test appTests/Info.plist</string>
				<key>LD_RUNPATH_SEARCH_PATHS</key>
				<string>$(inherited) @executable_path/Frameworks @loader_path/Frameworks</string>
				<key>PRODUCT_NAME</key>
				<string>$(TARGET_NAME)</string>
				<key>TEST_HOST</key>
				<string>$(BUILT_PRODUCTS_DIR)/Test app.app/Test app</string>
			</dict>
			<key>isa</key>
			<string>XCBuildConfiguration</string>
			<key>name</key>
			<string>Release</string>
		</dict>
		<key>264BC45A1AA64AEE00B9E14F</key>
		<dict>
			<key>fileEncoding</key>
			<string>4</string>
			<key>isa</key>
			<string>PBXFileReference</string>
			<key>lastKnownFileType</key>
			<string>text.plist.xml</string>
			<key>path</key>
			<string>settings.plist</string>
			<key>sourceTree</key>
			<string>&lt;group&gt;</string>
		</dict>
		<key>264BC45B1AA64AEE00B9E14F</key>
		<dict>
			<key>fileRef</key>
			<string>264BC45A1AA64AEE00B9E14F</string>
			<key>isa</key>
			<string>PBXBuildFile</string>
		</dict>
		<key>264BC45C1AA64B5100B9E14F</key>
		<dict>
			<key>children</key>
			<array>
				<string>264BC4861AADDD1A00B9E14F</string>
				<string>264BC4871AADDD1A00B9E14F</string>
				<string>264BC45D1AA64B6400B9E14F</string>
				<string>264BC45F1AA64BFC00B9E14F</string>
				<string>264BC47E1AABC7A400B9E14F</string>
				<string>264BC4801AACBCD900B9E14F</string>
			</array>
			<key>isa</key>
			<string>PBXGroup</string>
			<key>name</key>
			<string>Classes</string>
			<key>sourceTree</key>
			<string>&lt;group&gt;</string>
		</dict>
		<key>264BC45D1AA64B6400B9E14F</key>
		<dict>
			<key>fileEncoding</key>
			<string>4</string>
			<key>isa</key>
			<string>PBXFileReference</string>
			<key>lastKnownFileType</key>
			<string>sourcecode.swift</string>
			<key>path</key>
			<string>Location.swift</string>
			<key>sourceTree</key>
			<string>&lt;group&gt;</string>
		</dict>
		<key>264BC45E1AA64B6400B9E14F</key>
		<dict>
			<key>fileRef</key>
			<string>264BC45D1AA64B6400B9E14F</string>
			<key>isa</key>
			<string>PBXBuildFile</string>
		</dict>
		<key>264BC45F1AA64BFC00B9E14F</key>
		<dict>
			<key>fileEncoding</key>
			<string>4</string>
			<key>isa</key>
			<string>PBXFileReference</string>
			<key>lastKnownFileType</key>
			<string>sourcecode.swift</string>
			<key>path</key>
			<string>Weather.swift</string>
			<key>sourceTree</key>
			<string>&lt;group&gt;</string>
		</dict>
		<key>264BC4601AA64BFC00B9E14F</key>
		<dict>
			<key>fileRef</key>
			<string>264BC45F1AA64BFC00B9E14F</string>
			<key>isa</key>
			<string>PBXBuildFile</string>
		</dict>
		<key>264BC4611AA6556100B9E14F</key>
		<dict>
			<key>children</key>
			<array>
				<string>264BC46A1AAB66E900B9E14F</string>
				<string>264BC4681AAA277600B9E14F</string>
				<string>264BC4661AA73F7900B9E14F</string>
				<string>264BC4841AACEB3C00B9E14F</string>
				<string>264BC47A1AABC30900B9E14F</string>
			</array>
			<key>isa</key>
			<string>PBXGroup</string>
			<key>name</key>
			<string>Controllers</string>
			<key>sourceTree</key>
			<string>&lt;group&gt;</string>
		</dict>
		<key>264BC4621AA6563300B9E14F</key>
		<dict>
			<key>fileEncoding</key>
			<string>4</string>
			<key>isa</key>
			<string>PBXFileReference</string>
			<key>lastKnownFileType</key>
			<string>sourcecode.swift</string>
			<key>path</key>
			<string>LocationTableViewCell.swift</string>
			<key>sourceTree</key>
			<string>&lt;group&gt;</string>
		</dict>
		<key>264BC4631AA6563300B9E14F</key>
		<dict>
			<key>fileRef</key>
			<string>264BC4621AA6563300B9E14F</string>
			<key>isa</key>
			<string>PBXBuildFile</string>
		</dict>
		<key>264BC4641AA6564A00B9E14F</key>
		<dict>
			<key>fileEncoding</key>
			<string>4</string>
			<key>isa</key>
			<string>PBXFileReference</string>
			<key>lastKnownFileType</key>
			<string>sourcecode.swift</string>
			<key>path</key>
			<string>WeatherTableViewCell.swift</string>
			<key>sourceTree</key>
			<string>&lt;group&gt;</string>
		</dict>
		<key>264BC4651AA6564A00B9E14F</key>
		<dict>
			<key>fileRef</key>
			<string>264BC4641AA6564A00B9E14F</string>
			<key>isa</key>
			<string>PBXBuildFile</string>
		</dict>
		<key>264BC4661AA73F7900B9E14F</key>
		<dict>
			<key>fileEncoding</key>
			<string>4</string>
			<key>isa</key>
			<string>PBXFileReference</string>
			<key>lastKnownFileType</key>
			<string>sourcecode.swift</string>
			<key>path</key>
			<string>LocationsTableViewController.swift</string>
			<key>sourceTree</key>
			<string>&lt;group&gt;</string>
		</dict>
		<key>264BC4671AA73F7900B9E14F</key>
		<dict>
			<key>fileRef</key>
			<string>264BC4661AA73F7900B9E14F</string>
			<key>isa</key>
			<string>PBXBuildFile</string>
		</dict>
		<key>264BC4681AAA277600B9E14F</key>
		<dict>
			<key>fileEncoding</key>
			<string>4</string>
			<key>isa</key>
			<string>PBXFileReference</string>
			<key>lastKnownFileType</key>
			<string>sourcecode.swift</string>
			<key>path</key>
			<string>ForecastTableViewController.swift</string>
			<key>sourceTree</key>
			<string>&lt;group&gt;</string>
		</dict>
		<key>264BC4691AAA277600B9E14F</key>
		<dict>
			<key>fileRef</key>
			<string>264BC4681AAA277600B9E14F</string>
			<key>isa</key>
			<string>PBXBuildFile</string>
		</dict>
		<key>264BC46A1AAB66E900B9E14F</key>
		<dict>
			<key>fileEncoding</key>
			<string>4</string>
			<key>isa</key>
			<string>PBXFileReference</string>
			<key>lastKnownFileType</key>
			<string>sourcecode.swift</string>
			<key>path</key>
			<string>TodayViewController.swift</string>
			<key>sourceTree</key>
			<string>&lt;group&gt;</string>
		</dict>
		<key>264BC46B1AAB66E900B9E14F</key>
		<dict>
			<key>fileRef</key>
			<string>264BC46A1AAB66E900B9E14F</string>
			<key>isa</key>
			<string>PBXBuildFile</string>
		</dict>
		<key>264BC46E1AAB77E700B9E14F</key>
		<dict>
			<key>children</key>
			<array>
				<string>264BC46F1AAB77E700B9E14F</string>
			</array>
			<key>isa</key>
			<string>PBXGroup</string>
			<key>path</key>
			<string>Fonts</string>
			<key>sourceTree</key>
			<string>&lt;group&gt;</string>
		</dict>
		<key>264BC46F1AAB77E700B9E14F</key>
		<dict>
			<key>children</key>
			<array>
				<string>264BC4701AAB77E700B9E14F</string>
				<string>264BC4711AAB77E800B9E14F</string>
				<string>264BC4721AAB77E800B9E14F</string>
				<string>264BC4731AAB77E800B9E14F</string>
			</array>
			<key>isa</key>
			<string>PBXGroup</string>
			<key>path</key>
			<string>ProximaNova</string>
			<key>sourceTree</key>
			<string>&lt;group&gt;</string>
		</dict>
		<key>264BC4701AAB77E700B9E14F</key>
		<dict>
			<key>isa</key>
			<string>PBXFileReference</string>
			<key>lastKnownFileType</key>
			<string>file</string>
			<key>path</key>
			<string>ProximaNova-Bold.otf</string>
			<key>sourceTree</key>
			<string>&lt;group&gt;</string>
		</dict>
		<key>264BC4711AAB77E800B9E14F</key>
		<dict>
			<key>isa</key>
			<string>PBXFileReference</string>
			<key>lastKnownFileType</key>
			<string>file</string>
			<key>path</key>
			<string>ProximaNova-Light.otf</string>
			<key>sourceTree</key>
			<string>&lt;group&gt;</string>
		</dict>
		<key>264BC4721AAB77E800B9E14F</key>
		<dict>
			<key>isa</key>
			<string>PBXFileReference</string>
			<key>lastKnownFileType</key>
			<string>file</string>
			<key>path</key>
			<string>ProximaNova-Regular.otf</string>
			<key>sourceTree</key>
			<string>&lt;group&gt;</string>
		</dict>
		<key>264BC4731AAB77E800B9E14F</key>
		<dict>
			<key>isa</key>
			<string>PBXFileReference</string>
			<key>lastKnownFileType</key>
			<string>file</string>
			<key>path</key>
			<string>ProximaNova-Semibold.otf</string>
			<key>sourceTree</key>
			<string>&lt;group&gt;</string>
		</dict>
		<key>264BC4741AAB77E800B9E14F</key>
		<dict>
			<key>fileRef</key>
			<string>264BC4701AAB77E700B9E14F</string>
			<key>isa</key>
			<string>PBXBuildFile</string>
		</dict>
		<key>264BC4751AAB77E800B9E14F</key>
		<dict>
			<key>fileRef</key>
			<string>264BC4711AAB77E800B9E14F</string>
			<key>isa</key>
			<string>PBXBuildFile</string>
		</dict>
		<key>264BC4761AAB77E800B9E14F</key>
		<dict>
			<key>fileRef</key>
			<string>264BC4721AAB77E800B9E14F</string>
			<key>isa</key>
			<string>PBXBuildFile</string>
		</dict>
		<key>264BC4771AAB77E800B9E14F</key>
		<dict>
			<key>fileRef</key>
			<string>264BC4731AAB77E800B9E14F</string>
			<key>isa</key>
			<string>PBXBuildFile</string>
		</dict>
		<key>264BC47A1AABC30900B9E14F</key>
		<dict>
			<key>fileEncoding</key>
			<string>4</string>
			<key>isa</key>
			<string>PBXFileReference</string>
			<key>lastKnownFileType</key>
			<string>sourcecode.swift</string>
			<key>path</key>
			<string>SettingsTableViewController.swift</string>
			<key>sourceTree</key>
			<string>&lt;group&gt;</string>
		</dict>
		<key>264BC47B1AABC30900B9E14F</key>
		<dict>
			<key>fileRef</key>
			<string>264BC47A1AABC30900B9E14F</string>
			<key>isa</key>
			<string>PBXBuildFile</string>
		</dict>
		<key>264BC47C1AABC47600B9E14F</key>
		<dict>
			<key>fileEncoding</key>
			<string>4</string>
			<key>isa</key>
			<string>PBXFileReference</string>
			<key>lastKnownFileType</key>
			<string>sourcecode.swift</string>
			<key>path</key>
			<string>OptionTableViewCell.swift</string>
			<key>sourceTree</key>
			<string>&lt;group&gt;</string>
		</dict>
		<key>264BC47D1AABC47600B9E14F</key>
		<dict>
			<key>fileRef</key>
			<string>264BC47C1AABC47600B9E14F</string>
			<key>isa</key>
			<string>PBXBuildFile</string>
		</dict>
		<key>264BC47E1AABC7A400B9E14F</key>
		<dict>
			<key>fileEncoding</key>
			<string>4</string>
			<key>isa</key>
			<string>PBXFileReference</string>
			<key>lastKnownFileType</key>
			<string>sourcecode.swift</string>
			<key>path</key>
			<string>Option.swift</string>
			<key>sourceTree</key>
			<string>&lt;group&gt;</string>
		</dict>
		<key>264BC47F1AABC7A400B9E14F</key>
		<dict>
			<key>fileRef</key>
			<string>264BC47E1AABC7A400B9E14F</string>
			<key>isa</key>
			<string>PBXBuildFile</string>
		</dict>
		<key>264BC4801AACBCD900B9E14F</key>
		<dict>
			<key>fileEncoding</key>
			<string>4</string>
			<key>isa</key>
			<string>PBXFileReference</string>
			<key>lastKnownFileType</key>
			<string>sourcecode.swift</string>
			<key>path</key>
			<string>Settings.swift</string>
			<key>sourceTree</key>
			<string>&lt;group&gt;</string>
		</dict>
		<key>264BC4811AACBCD900B9E14F</key>
		<dict>
			<key>fileRef</key>
			<string>264BC4801AACBCD900B9E14F</string>
			<key>isa</key>
			<string>PBXBuildFile</string>
		</dict>
		<key>264BC4831AACEACD00B9E14F</key>
		<dict>
			<key>children</key>
			<array>
				<string>264BC4621AA6563300B9E14F</string>
				<string>264BC4641AA6564A00B9E14F</string>
				<string>264BC47C1AABC47600B9E14F</string>
			</array>
			<key>isa</key>
			<string>PBXGroup</string>
			<key>name</key>
			<string>Views</string>
			<key>sourceTree</key>
			<string>&lt;group&gt;</string>
		</dict>
		<key>264BC4841AACEB3C00B9E14F</key>
		<dict>
			<key>fileEncoding</key>
			<string>4</string>
			<key>isa</key>
			<string>PBXFileReference</string>
			<key>lastKnownFileType</key>
			<string>sourcecode.swift</string>
			<key>path</key>
			<string>LocationFinderTableViewController.swift</string>
			<key>sourceTree</key>
			<string>&lt;group&gt;</string>
		</dict>
		<key>264BC4851AACEB3C00B9E14F</key>
		<dict>
			<key>fileRef</key>
			<string>264BC4841AACEB3C00B9E14F</string>
			<key>isa</key>
			<string>PBXBuildFile</string>
		</dict>
		<key>264BC4861AADDD1A00B9E14F</key>
		<dict>
			<key>fileEncoding</key>
			<string>4</string>
			<key>isa</key>
			<string>PBXFileReference</string>
			<key>lastKnownFileType</key>
			<string>sourcecode.swift</string>
			<key>path</key>
			<string>LocationSource.swift</string>
			<key>sourceTree</key>
			<string>&lt;group&gt;</string>
		</dict>
		<key>264BC4871AADDD1A00B9E14F</key>
		<dict>
			<key>fileEncoding</key>
			<string>4</string>
			<key>isa</key>
			<string>PBXFileReference</string>
			<key>lastKnownFileType</key>
			<string>sourcecode.swift</string>
			<key>path</key>
			<string>LocationHelper.swift</string>
			<key>sourceTree</key>
			<string>&lt;group&gt;</string>
		</dict>
		<key>264BC4881AADDD1A00B9E14F</key>
		<dict>
			<key>fileRef</key>
			<string>264BC4861AADDD1A00B9E14F</string>
			<key>isa</key>
			<string>PBXBuildFile</string>
		</dict>
		<key>264BC4891AADDD1A00B9E14F</key>
		<dict>
			<key>fileRef</key>
			<string>264BC4871AADDD1A00B9E14F</string>
			<key>isa</key>
			<string>PBXBuildFile</string>
		</dict>
		<key>53788D7C0FF3421F46F8B417</key>
		<dict>
			<key>children</key>
			<array>
				<string>232943889BCEE2BB2BDA9FA8</string>
			</array>
			<key>isa</key>
			<string>PBXGroup</string>
			<key>name</key>
			<string>Frameworks</string>
			<key>sourceTree</key>
			<string>&lt;group&gt;</string>
		</dict>
		<key>810A645BA22C89C68C720AC5</key>
		<dict>
			<key>buildActionMask</key>
			<string>2147483647</string>
			<key>files</key>
			<array/>
			<key>inputPaths</key>
			<array/>
			<key>isa</key>
			<string>PBXShellScriptBuildPhase</string>
			<key>name</key>
			<string>Check Pods Manifest.lock</string>
			<key>outputPaths</key>
			<array/>
			<key>runOnlyForDeploymentPostprocessing</key>
			<string>0</string>
			<key>shellPath</key>
			<string>/bin/sh</string>
			<key>shellScript</key>
			<string>diff "${PODS_ROOT}/../Podfile.lock" "${PODS_ROOT}/Manifest.lock" &gt; /dev/null
if [[ $? != 0 ]] ; then
    cat &lt;&lt; EOM
error: The sandbox is not in sync with the Podfile.lock. Run 'pod install' or update your CocoaPods installation.
EOM
    exit 1
fi
</string>
			<key>showEnvVarsInLog</key>
			<string>0</string>
		</dict>
		<key>CA8200ADA47BB5B87A29600E</key>
		<dict>
			<key>fileRef</key>
			<string>232943889BCEE2BB2BDA9FA8</string>
			<key>isa</key>
			<string>PBXBuildFile</string>
		</dict>
		<key>D7F8984276D4F2DC62B9C288</key>
		<dict>
			<key>children</key>
			<array>
				<string>F9FC8E89178D85826CD70392</string>
				<string>133F2AE77DF9DC1391F4E605</string>
			</array>
			<key>isa</key>
			<string>PBXGroup</string>
			<key>name</key>
			<string>Pods</string>
			<key>sourceTree</key>
			<string>&lt;group&gt;</string>
		</dict>
		<key>F9FC8E89178D85826CD70392</key>
		<dict>
			<key>includeInIndex</key>
			<string>1</string>
			<key>isa</key>
			<string>PBXFileReference</string>
			<key>lastKnownFileType</key>
			<string>text.xcconfig</string>
			<key>name</key>
			<string>Pods.debug.xcconfig</string>
			<key>path</key>
			<string>Pods/Target Support Files/Pods/Pods.debug.xcconfig</string>
			<key>sourceTree</key>
			<string>&lt;group&gt;</string>
		</dict>
	</dict>
	<key>rootObject</key>
	<string>263CE9D21AA6163600ED14DB</string>
</dict>
</plist>
