// !$*UTF8*$!
{
	archiveVersion = 1;
	classes = {
	};
	objectVersion = 46;
	objects = {

/* Begin PBXBuildFile section */
		263CE9E01AA6163800ED14DB /* AppDelegate.swift in Sources */ = {isa = PBXBuildFile; fileRef = 263CE9DF1AA6163800ED14DB /* AppDelegate.swift */; };
		263CE9E21AA6163800ED14DB /* ViewController.swift in Sources */ = {isa = PBXBuildFile; fileRef = 263CE9E11AA6163800ED14DB /* ViewController.swift */; };
		263CE9E51AA6163800ED14DB /* Main.storyboard in Resources */ = {isa = PBXBuildFile; fileRef = 263CE9E31AA6163800ED14DB /* Main.storyboard */; };
		263CE9E71AA6163800ED14DB /* Images.xcassets in Resources */ = {isa = PBXBuildFile; fileRef = 263CE9E61AA6163800ED14DB /* Images.xcassets */; };
		263CE9EA1AA6163800ED14DB /* LaunchScreen.xib in Resources */ = {isa = PBXBuildFile; fileRef = 263CE9E81AA6163800ED14DB /* LaunchScreen.xib */; };
		263CE9F61AA6163A00ED14DB /* Test_appTests.swift in Sources */ = {isa = PBXBuildFile; fileRef = 263CE9F51AA6163A00ED14DB /* Test_appTests.swift */; };
		264BC45B1AA64AEE00B9E14F /* settings.plist in Resources */ = {isa = PBXBuildFile; fileRef = 264BC45A1AA64AEE00B9E14F /* settings.plist */; };
		264BC45E1AA64B6400B9E14F /* Location.swift in Sources */ = {isa = PBXBuildFile; fileRef = 264BC45D1AA64B6400B9E14F /* Location.swift */; };
		264BC4601AA64BFC00B9E14F /* Weather.swift in Sources */ = {isa = PBXBuildFile; fileRef = 264BC45F1AA64BFC00B9E14F /* Weather.swift */; };
		264BC4631AA6563300B9E14F /* LocationTableViewCell.swift in Sources */ = {isa = PBXBuildFile; fileRef = 264BC4621AA6563300B9E14F /* LocationTableViewCell.swift */; };
		264BC4651AA6564A00B9E14F /* WeatherTableViewCell.swift in Sources */ = {isa = PBXBuildFile; fileRef = 264BC4641AA6564A00B9E14F /* WeatherTableViewCell.swift */; };
		264BC4671AA73F7900B9E14F /* LocationsTableViewController.swift in Sources */ = {isa = PBXBuildFile; fileRef = 264BC4661AA73F7900B9E14F /* LocationsTableViewController.swift */; };
		264BC4691AAA277600B9E14F /* ForecastTableViewController.swift in Sources */ = {isa = PBXBuildFile; fileRef = 264BC4681AAA277600B9E14F /* ForecastTableViewController.swift */; };
		264BC46B1AAB66E900B9E14F /* TodayViewController.swift in Sources */ = {isa = PBXBuildFile; fileRef = 264BC46A1AAB66E900B9E14F /* TodayViewController.swift */; };
		264BC4741AAB77E800B9E14F /* ProximaNova-Bold.otf in Resources */ = {isa = PBXBuildFile; fileRef = 264BC4701AAB77E700B9E14F /* ProximaNova-Bold.otf */; };
		264BC4751AAB77E800B9E14F /* ProximaNova-Light.otf in Resources */ = {isa = PBXBuildFile; fileRef = 264BC4711AAB77E800B9E14F /* ProximaNova-Light.otf */; };
		264BC4761AAB77E800B9E14F /* ProximaNova-Regular.otf in Resources */ = {isa = PBXBuildFile; fileRef = 264BC4721AAB77E800B9E14F /* ProximaNova-Regular.otf */; };
		264BC4771AAB77E800B9E14F /* ProximaNova-Semibold.otf in Resources */ = {isa = PBXBuildFile; fileRef = 264BC4731AAB77E800B9E14F /* ProximaNova-Semibold.otf */; };
		264BC47B1AABC30900B9E14F /* SettingsTableViewController.swift in Sources */ = {isa = PBXBuildFile; fileRef = 264BC47A1AABC30900B9E14F /* SettingsTableViewController.swift */; };
		264BC47D1AABC47600B9E14F /* OptionTableViewCell.swift in Sources */ = {isa = PBXBuildFile; fileRef = 264BC47C1AABC47600B9E14F /* OptionTableViewCell.swift */; };
		264BC47F1AABC7A400B9E14F /* Option.swift in Sources */ = {isa = PBXBuildFile; fileRef = 264BC47E1AABC7A400B9E14F /* Option.swift */; };
		264BC4811AACBCD900B9E14F /* Settings.swift in Sources */ = {isa = PBXBuildFile; fileRef = 264BC4801AACBCD900B9E14F /* Settings.swift */; };
		264BC4851AACEB3C00B9E14F /* LocationFinderTableViewController.swift in Sources */ = {isa = PBXBuildFile; fileRef = 264BC4841AACEB3C00B9E14F /* LocationFinderTableViewController.swift */; };
/* End PBXBuildFile section */

/* Begin PBXContainerItemProxy section */
		263CE9F01AA6163A00ED14DB /* PBXContainerItemProxy */ = {
			isa = PBXContainerItemProxy;
			containerPortal = 263CE9D21AA6163600ED14DB /* Project object */;
			proxyType = 1;
			remoteGlobalIDString = 263CE9D91AA6163700ED14DB;
			remoteInfo = "Test app";
		};
/* End PBXContainerItemProxy section */

/* Begin PBXFileReference section */
		263CE9DA1AA6163800ED14DB /* Test app.app */ = {isa = PBXFileReference; explicitFileType = wrapper.application; includeInIndex = 0; path = "Test app.app"; sourceTree = BUILT_PRODUCTS_DIR; };
		263CE9DE1AA6163800ED14DB /* Info.plist */ = {isa = PBXFileReference; lastKnownFileType = text.plist.xml; path = Info.plist; sourceTree = "<group>"; };
		263CE9DF1AA6163800ED14DB /* AppDelegate.swift */ = {isa = PBXFileReference; lastKnownFileType = sourcecode.swift; path = AppDelegate.swift; sourceTree = "<group>"; };
		263CE9E11AA6163800ED14DB /* ViewController.swift */ = {isa = PBXFileReference; lastKnownFileType = sourcecode.swift; path = ViewController.swift; sourceTree = "<group>"; };
		263CE9E41AA6163800ED14DB /* Base */ = {isa = PBXFileReference; lastKnownFileType = file.storyboard; name = Base; path = Base.lproj/Main.storyboard; sourceTree = "<group>"; };
		263CE9E61AA6163800ED14DB /* Images.xcassets */ = {isa = PBXFileReference; lastKnownFileType = folder.assetcatalog; path = Images.xcassets; sourceTree = "<group>"; };
		263CE9E91AA6163800ED14DB /* Base */ = {isa = PBXFileReference; lastKnownFileType = file.xib; name = Base; path = Base.lproj/LaunchScreen.xib; sourceTree = "<group>"; };
		263CE9EF1AA6163A00ED14DB /* Test appTests.xctest */ = {isa = PBXFileReference; explicitFileType = wrapper.cfbundle; includeInIndex = 0; path = "Test appTests.xctest"; sourceTree = BUILT_PRODUCTS_DIR; };
		263CE9F41AA6163A00ED14DB /* Info.plist */ = {isa = PBXFileReference; lastKnownFileType = text.plist.xml; path = Info.plist; sourceTree = "<group>"; };
		263CE9F51AA6163A00ED14DB /* Test_appTests.swift */ = {isa = PBXFileReference; lastKnownFileType = sourcecode.swift; path = Test_appTests.swift; sourceTree = "<group>"; };
		264BC45A1AA64AEE00B9E14F /* settings.plist */ = {isa = PBXFileReference; fileEncoding = 4; lastKnownFileType = text.plist.xml; path = settings.plist; sourceTree = "<group>"; };
		264BC45D1AA64B6400B9E14F /* Location.swift */ = {isa = PBXFileReference; fileEncoding = 4; lastKnownFileType = sourcecode.swift; path = Location.swift; sourceTree = "<group>"; };
		264BC45F1AA64BFC00B9E14F /* Weather.swift */ = {isa = PBXFileReference; fileEncoding = 4; lastKnownFileType = sourcecode.swift; path = Weather.swift; sourceTree = "<group>"; };
		264BC4621AA6563300B9E14F /* LocationTableViewCell.swift */ = {isa = PBXFileReference; fileEncoding = 4; lastKnownFileType = sourcecode.swift; path = LocationTableViewCell.swift; sourceTree = "<group>"; };
		264BC4641AA6564A00B9E14F /* WeatherTableViewCell.swift */ = {isa = PBXFileReference; fileEncoding = 4; lastKnownFileType = sourcecode.swift; path = WeatherTableViewCell.swift; sourceTree = "<group>"; };
		264BC4661AA73F7900B9E14F /* LocationsTableViewController.swift */ = {isa = PBXFileReference; fileEncoding = 4; lastKnownFileType = sourcecode.swift; path = LocationsTableViewController.swift; sourceTree = "<group>"; };
		264BC4681AAA277600B9E14F /* ForecastTableViewController.swift */ = {isa = PBXFileReference; fileEncoding = 4; lastKnownFileType = sourcecode.swift; path = ForecastTableViewController.swift; sourceTree = "<group>"; };
		264BC46A1AAB66E900B9E14F /* TodayViewController.swift */ = {isa = PBXFileReference; fileEncoding = 4; lastKnownFileType = sourcecode.swift; path = TodayViewController.swift; sourceTree = "<group>"; };
		264BC4701AAB77E700B9E14F /* ProximaNova-Bold.otf */ = {isa = PBXFileReference; lastKnownFileType = file; path = "ProximaNova-Bold.otf"; sourceTree = "<group>"; };
		264BC4711AAB77E800B9E14F /* ProximaNova-Light.otf */ = {isa = PBXFileReference; lastKnownFileType = file; path = "ProximaNova-Light.otf"; sourceTree = "<group>"; };
		264BC4721AAB77E800B9E14F /* ProximaNova-Regular.otf */ = {isa = PBXFileReference; lastKnownFileType = file; path = "ProximaNova-Regular.otf"; sourceTree = "<group>"; };
		264BC4731AAB77E800B9E14F /* ProximaNova-Semibold.otf */ = {isa = PBXFileReference; lastKnownFileType = file; path = "ProximaNova-Semibold.otf"; sourceTree = "<group>"; };
		264BC47A1AABC30900B9E14F /* SettingsTableViewController.swift */ = {isa = PBXFileReference; fileEncoding = 4; lastKnownFileType = sourcecode.swift; path = SettingsTableViewController.swift; sourceTree = "<group>"; };
		264BC47C1AABC47600B9E14F /* OptionTableViewCell.swift */ = {isa = PBXFileReference; fileEncoding = 4; lastKnownFileType = sourcecode.swift; path = OptionTableViewCell.swift; sourceTree = "<group>"; };
		264BC47E1AABC7A400B9E14F /* Option.swift */ = {isa = PBXFileReference; fileEncoding = 4; lastKnownFileType = sourcecode.swift; path = Option.swift; sourceTree = "<group>"; };
		264BC4801AACBCD900B9E14F /* Settings.swift */ = {isa = PBXFileReference; fileEncoding = 4; lastKnownFileType = sourcecode.swift; path = Settings.swift; sourceTree = "<group>"; };
		264BC4841AACEB3C00B9E14F /* LocationFinderTableViewController.swift */ = {isa = PBXFileReference; fileEncoding = 4; lastKnownFileType = sourcecode.swift; path = LocationFinderTableViewController.swift; sourceTree = "<group>"; };
/* End PBXFileReference section */

/* Begin PBXFrameworksBuildPhase section */
		263CE9D71AA6163700ED14DB /* Frameworks */ = {
			isa = PBXFrameworksBuildPhase;
			buildActionMask = 2147483647;
			files = (
			);
			runOnlyForDeploymentPostprocessing = 0;
		};
		263CE9EC1AA6163A00ED14DB /* Frameworks */ = {
			isa = PBXFrameworksBuildPhase;
			buildActionMask = 2147483647;
			files = (
			);
			runOnlyForDeploymentPostprocessing = 0;
		};
/* End PBXFrameworksBuildPhase section */

/* Begin PBXGroup section */
		263CE9D11AA6163600ED14DB = {
			isa = PBXGroup;
			children = (
				263CE9DC1AA6163800ED14DB /* Test app */,
				263CE9F21AA6163A00ED14DB /* Test appTests */,
				263CE9DB1AA6163800ED14DB /* Products */,
			);
			sourceTree = "<group>";
		};
		263CE9DB1AA6163800ED14DB /* Products */ = {
			isa = PBXGroup;
			children = (
				263CE9DA1AA6163800ED14DB /* Test app.app */,
				263CE9EF1AA6163A00ED14DB /* Test appTests.xctest */,
			);
			name = Products;
			sourceTree = "<group>";
		};
		263CE9DC1AA6163800ED14DB /* Test app */ = {
			isa = PBXGroup;
			children = (
				263CE9DF1AA6163800ED14DB /* AppDelegate.swift */,
				263CE9E11AA6163800ED14DB /* ViewController.swift */,
				263CE9E31AA6163800ED14DB /* Main.storyboard */,
				264BC4831AACEACD00B9E14F /* Views */,
				264BC45C1AA64B5100B9E14F /* Classes */,
				264BC4611AA6556100B9E14F /* Controllers */,
				263CE9E61AA6163800ED14DB /* Images.xcassets */,
				263CE9E81AA6163800ED14DB /* LaunchScreen.xib */,
				263CE9DD1AA6163800ED14DB /* Supporting Files */,
			);
			path = "Test app";
			sourceTree = "<group>";
		};
		263CE9DD1AA6163800ED14DB /* Supporting Files */ = {
			isa = PBXGroup;
			children = (
				264BC45A1AA64AEE00B9E14F /* settings.plist */,
				264BC46E1AAB77E700B9E14F /* Fonts */,
				263CE9DE1AA6163800ED14DB /* Info.plist */,
			);
			name = "Supporting Files";
			sourceTree = "<group>";
		};
		263CE9F21AA6163A00ED14DB /* Test appTests */ = {
			isa = PBXGroup;
			children = (
				263CE9F51AA6163A00ED14DB /* Test_appTests.swift */,
				263CE9F31AA6163A00ED14DB /* Supporting Files */,
			);
			path = "Test appTests";
			sourceTree = "<group>";
		};
		263CE9F31AA6163A00ED14DB /* Supporting Files */ = {
			isa = PBXGroup;
			children = (
				263CE9F41AA6163A00ED14DB /* Info.plist */,
			);
			name = "Supporting Files";
			sourceTree = "<group>";
		};
		264BC45C1AA64B5100B9E14F /* Classes */ = {
			isa = PBXGroup;
			children = (
				264BC45D1AA64B6400B9E14F /* Location.swift */,
				264BC45F1AA64BFC00B9E14F /* Weather.swift */,
				264BC47E1AABC7A400B9E14F /* Option.swift */,
				264BC4801AACBCD900B9E14F /* Settings.swift */,
			);
			name = Classes;
			sourceTree = "<group>";
		};
		264BC4611AA6556100B9E14F /* Controllers */ = {
			isa = PBXGroup;
			children = (
				264BC46A1AAB66E900B9E14F /* TodayViewController.swift */,
				264BC4681AAA277600B9E14F /* ForecastTableViewController.swift */,
				264BC4661AA73F7900B9E14F /* LocationsTableViewController.swift */,
				264BC4841AACEB3C00B9E14F /* LocationFinderTableViewController.swift */,
				264BC47A1AABC30900B9E14F /* SettingsTableViewController.swift */,
			);
			name = Controllers;
			sourceTree = "<group>";
		};
		264BC46E1AAB77E700B9E14F /* Fonts */ = {
			isa = PBXGroup;
			children = (
				264BC46F1AAB77E700B9E14F /* ProximaNova */,
			);
			path = Fonts;
			sourceTree = "<group>";
		};
		264BC46F1AAB77E700B9E14F /* ProximaNova */ = {
			isa = PBXGroup;
			children = (
				264BC4701AAB77E700B9E14F /* ProximaNova-Bold.otf */,
				264BC4711AAB77E800B9E14F /* ProximaNova-Light.otf */,
				264BC4721AAB77E800B9E14F /* ProximaNova-Regular.otf */,
				264BC4731AAB77E800B9E14F /* ProximaNova-Semibold.otf */,
			);
			path = ProximaNova;
			sourceTree = "<group>";
		};
		264BC4831AACEACD00B9E14F /* Views */ = {
			isa = PBXGroup;
			children = (
				264BC4621AA6563300B9E14F /* LocationTableViewCell.swift */,
				264BC4641AA6564A00B9E14F /* WeatherTableViewCell.swift */,
				264BC47C1AABC47600B9E14F /* OptionTableViewCell.swift */,
			);
			name = Views;
			sourceTree = "<group>";
		};
/* End PBXGroup section */

/* Begin PBXNativeTarget section */
		263CE9D91AA6163700ED14DB /* Test app */ = {
			isa = PBXNativeTarget;
			buildConfigurationList = 263CE9F91AA6163A00ED14DB /* Build configuration list for PBXNativeTarget "Test app" */;
			buildPhases = (
				263CE9D61AA6163700ED14DB /* Sources */,
				263CE9D71AA6163700ED14DB /* Frameworks */,
				263CE9D81AA6163700ED14DB /* Resources */,
			);
			buildRules = (
			);
			dependencies = (
			);
			name = "Test app";
			productName = "Test app";
			productReference = 263CE9DA1AA6163800ED14DB /* Test app.app */;
			productType = "com.apple.product-type.application";
		};
		263CE9EE1AA6163A00ED14DB /* Test appTests */ = {
			isa = PBXNativeTarget;
			buildConfigurationList = 263CE9FC1AA6163A00ED14DB /* Build configuration list for PBXNativeTarget "Test appTests" */;
			buildPhases = (
				263CE9EB1AA6163A00ED14DB /* Sources */,
				263CE9EC1AA6163A00ED14DB /* Frameworks */,
				263CE9ED1AA6163A00ED14DB /* Resources */,
			);
			buildRules = (
			);
			dependencies = (
				263CE9F11AA6163A00ED14DB /* PBXTargetDependency */,
			);
			name = "Test appTests";
			productName = "Test appTests";
			productReference = 263CE9EF1AA6163A00ED14DB /* Test appTests.xctest */;
			productType = "com.apple.product-type.bundle.unit-test";
		};
/* End PBXNativeTarget section */

/* Begin PBXProject section */
		263CE9D21AA6163600ED14DB /* Project object */ = {
			isa = PBXProject;
			attributes = {
				LastUpgradeCheck = 0610;
				ORGANIZATIONNAME = "Timur Tatarshaov";
				TargetAttributes = {
					263CE9D91AA6163700ED14DB = {
						CreatedOnToolsVersion = 6.1.1;
					};
					263CE9EE1AA6163A00ED14DB = {
						CreatedOnToolsVersion = 6.1.1;
						TestTargetID = 263CE9D91AA6163700ED14DB;
					};
				};
			};
			buildConfigurationList = 263CE9D51AA6163700ED14DB /* Build configuration list for PBXProject "Test app" */;
			compatibilityVersion = "Xcode 3.2";
			developmentRegion = English;
			hasScannedForEncodings = 0;
			knownRegions = (
				en,
				Base,
			);
			mainGroup = 263CE9D11AA6163600ED14DB;
			productRefGroup = 263CE9DB1AA6163800ED14DB /* Products */;
			projectDirPath = "";
			projectRoot = "";
			targets = (
				263CE9D91AA6163700ED14DB /* Test app */,
				263CE9EE1AA6163A00ED14DB /* Test appTests */,
			);
		};
/* End PBXProject section */

/* Begin PBXResourcesBuildPhase section */
		263CE9D81AA6163700ED14DB /* Resources */ = {
			isa = PBXResourcesBuildPhase;
			buildActionMask = 2147483647;
			files = (
				263CE9E51AA6163800ED14DB /* Main.storyboard in Resources */,
				264BC4761AAB77E800B9E14F /* ProximaNova-Regular.otf in Resources */,
				264BC45B1AA64AEE00B9E14F /* settings.plist in Resources */,
				263CE9EA1AA6163800ED14DB /* LaunchScreen.xib in Resources */,
				263CE9E71AA6163800ED14DB /* Images.xcassets in Resources */,
				264BC4741AAB77E800B9E14F /* ProximaNova-Bold.otf in Resources */,
				264BC4751AAB77E800B9E14F /* ProximaNova-Light.otf in Resources */,
				264BC4771AAB77E800B9E14F /* ProximaNova-Semibold.otf in Resources */,
			);
			runOnlyForDeploymentPostprocessing = 0;
		};
		263CE9ED1AA6163A00ED14DB /* Resources */ = {
			isa = PBXResourcesBuildPhase;
			buildActionMask = 2147483647;
			files = (
			);
			runOnlyForDeploymentPostprocessing = 0;
		};
/* End PBXResourcesBuildPhase section */

/* Begin PBXSourcesBuildPhase section */
		263CE9D61AA6163700ED14DB /* Sources */ = {
			isa = PBXSourcesBuildPhase;
			buildActionMask = 2147483647;
			files = (
				264BC4651AA6564A00B9E14F /* WeatherTableViewCell.swift in Sources */,
				264BC4601AA64BFC00B9E14F /* Weather.swift in Sources */,
				264BC4811AACBCD900B9E14F /* Settings.swift in Sources */,
				264BC46B1AAB66E900B9E14F /* TodayViewController.swift in Sources */,
				264BC4631AA6563300B9E14F /* LocationTableViewCell.swift in Sources */,
				264BC47F1AABC7A400B9E14F /* Option.swift in Sources */,
				263CE9E21AA6163800ED14DB /* ViewController.swift in Sources */,
				263CE9E01AA6163800ED14DB /* AppDelegate.swift in Sources */,
				264BC47B1AABC30900B9E14F /* SettingsTableViewController.swift in Sources */,
				264BC45E1AA64B6400B9E14F /* Location.swift in Sources */,
				264BC4851AACEB3C00B9E14F /* LocationFinderTableViewController.swift in Sources */,
				264BC4691AAA277600B9E14F /* ForecastTableViewController.swift in Sources */,
				264BC47D1AABC47600B9E14F /* OptionTableViewCell.swift in Sources */,
				264BC4671AA73F7900B9E14F /* LocationsTableViewController.swift in Sources */,
			);
			runOnlyForDeploymentPostprocessing = 0;
		};
		263CE9EB1AA6163A00ED14DB /* Sources */ = {
			isa = PBXSourcesBuildPhase;
			buildActionMask = 2147483647;
			files = (
				263CE9F61AA6163A00ED14DB /* Test_appTests.swift in Sources */,
			);
			runOnlyForDeploymentPostprocessing = 0;
		};
/* End PBXSourcesBuildPhase section */

/* Begin PBXTargetDependency section */
		263CE9F11AA6163A00ED14DB /* PBXTargetDependency */ = {
			isa = PBXTargetDependency;
			target = 263CE9D91AA6163700ED14DB /* Test app */;
			targetProxy = 263CE9F01AA6163A00ED14DB /* PBXContainerItemProxy */;
		};
/* End PBXTargetDependency section */

/* Begin PBXVariantGroup section */
		263CE9E31AA6163800ED14DB /* Main.storyboard */ = {
			isa = PBXVariantGroup;
			children = (
				263CE9E41AA6163800ED14DB /* Base */,
			);
			name = Main.storyboard;
			sourceTree = "<group>";
		};
		263CE9E81AA6163800ED14DB /* LaunchScreen.xib */ = {
			isa = PBXVariantGroup;
			children = (
				263CE9E91AA6163800ED14DB /* Base */,
			);
			name = LaunchScreen.xib;
			sourceTree = "<group>";
		};
/* End PBXVariantGroup section */

/* Begin XCBuildConfiguration section */
		263CE9F71AA6163A00ED14DB /* Debug */ = {
			isa = XCBuildConfiguration;
			buildSettings = {
				ALWAYS_SEARCH_USER_PATHS = NO;
				CLANG_CXX_LANGUAGE_STANDARD = "gnu++0x";
				CLANG_CXX_LIBRARY = "libc++";
				CLANG_ENABLE_MODULES = YES;
				CLANG_ENABLE_OBJC_ARC = YES;
				CLANG_WARN_BOOL_CONVERSION = YES;
				CLANG_WARN_CONSTANT_CONVERSION = YES;
				CLANG_WARN_DIRECT_OBJC_ISA_USAGE = YES_ERROR;
				CLANG_WARN_EMPTY_BODY = YES;
				CLANG_WARN_ENUM_CONVERSION = YES;
				CLANG_WARN_INT_CONVERSION = YES;
				CLANG_WARN_OBJC_ROOT_CLASS = YES_ERROR;
				CLANG_WARN_UNREACHABLE_CODE = YES;
				CLANG_WARN__DUPLICATE_METHOD_MATCH = YES;
				"CODE_SIGN_IDENTITY[sdk=iphoneos*]" = "iPhone Developer";
				COPY_PHASE_STRIP = NO;
				ENABLE_STRICT_OBJC_MSGSEND = YES;
				GCC_C_LANGUAGE_STANDARD = gnu99;
				GCC_DYNAMIC_NO_PIC = NO;
				GCC_OPTIMIZATION_LEVEL = 0;
				GCC_PREPROCESSOR_DEFINITIONS = (
					"DEBUG=1",
					"$(inherited)",
				);
				GCC_SYMBOLS_PRIVATE_EXTERN = NO;
				GCC_WARN_64_TO_32_BIT_CONVERSION = YES;
				GCC_WARN_ABOUT_RETURN_TYPE = YES_ERROR;
				GCC_WARN_UNDECLARED_SELECTOR = YES;
				GCC_WARN_UNINITIALIZED_AUTOS = YES_AGGRESSIVE;
				GCC_WARN_UNUSED_FUNCTION = YES;
				GCC_WARN_UNUSED_VARIABLE = YES;
				IPHONEOS_DEPLOYMENT_TARGET = 7.1;
				MTL_ENABLE_DEBUG_INFO = YES;
				ONLY_ACTIVE_ARCH = YES;
				SDKROOT = iphoneos;
				SWIFT_OPTIMIZATION_LEVEL = "-Onone";
			};
			name = Debug;
		};
		263CE9F81AA6163A00ED14DB /* Release */ = {
			isa = XCBuildConfiguration;
			buildSettings = {
				ALWAYS_SEARCH_USER_PATHS = NO;
				CLANG_CXX_LANGUAGE_STANDARD = "gnu++0x";
				CLANG_CXX_LIBRARY = "libc++";
				CLANG_ENABLE_MODULES = YES;
				CLANG_ENABLE_OBJC_ARC = YES;
				CLANG_WARN_BOOL_CONVERSION = YES;
				CLANG_WARN_CONSTANT_CONVERSION = YES;
				CLANG_WARN_DIRECT_OBJC_ISA_USAGE = YES_ERROR;
				CLANG_WARN_EMPTY_BODY = YES;
				CLANG_WARN_ENUM_CONVERSION = YES;
				CLANG_WARN_INT_CONVERSION = YES;
				CLANG_WARN_OBJC_ROOT_CLASS = YES_ERROR;
				CLANG_WARN_UNREACHABLE_CODE = YES;
				CLANG_WARN__DUPLICATE_METHOD_MATCH = YES;
				"CODE_SIGN_IDENTITY[sdk=iphoneos*]" = "iPhone Developer";
				COPY_PHASE_STRIP = YES;
				ENABLE_NS_ASSERTIONS = NO;
				ENABLE_STRICT_OBJC_MSGSEND = YES;
				GCC_C_LANGUAGE_STANDARD = gnu99;
				GCC_WARN_64_TO_32_BIT_CONVERSION = YES;
				GCC_WARN_ABOUT_RETURN_TYPE = YES_ERROR;
				GCC_WARN_UNDECLARED_SELECTOR = YES;
				GCC_WARN_UNINITIALIZED_AUTOS = YES_AGGRESSIVE;
				GCC_WARN_UNUSED_FUNCTION = YES;
				GCC_WARN_UNUSED_VARIABLE = YES;
				IPHONEOS_DEPLOYMENT_TARGET = 7.1;
				MTL_ENABLE_DEBUG_INFO = NO;
				SDKROOT = iphoneos;
				VALIDATE_PRODUCT = YES;
			};
			name = Release;
		};
		263CE9FA1AA6163A00ED14DB /* Debug */ = {
			isa = XCBuildConfiguration;
			buildSettings = {
				ASSETCATALOG_COMPILER_APPICON_NAME = AppIcon;
				INFOPLIST_FILE = "Test app/Info.plist";
				IPHONEOS_DEPLOYMENT_TARGET = 7.1;
				LD_RUNPATH_SEARCH_PATHS = "$(inherited) @executable_path/Frameworks";
				PRODUCT_NAME = "$(TARGET_NAME)";
			};
			name = Debug;
		};
		263CE9FB1AA6163A00ED14DB /* Release */ = {
			isa = XCBuildConfiguration;
			buildSettings = {
				ASSETCATALOG_COMPILER_APPICON_NAME = AppIcon;
				INFOPLIST_FILE = "Test app/Info.plist";
				IPHONEOS_DEPLOYMENT_TARGET = 7.1;
				LD_RUNPATH_SEARCH_PATHS = "$(inherited) @executable_path/Frameworks";
				PRODUCT_NAME = "$(TARGET_NAME)";
			};
			name = Release;
		};
		263CE9FD1AA6163A00ED14DB /* Debug */ = {
			isa = XCBuildConfiguration;
			buildSettings = {
				BUNDLE_LOADER = "$(TEST_HOST)";
				FRAMEWORK_SEARCH_PATHS = (
					"$(SDKROOT)/Developer/Library/Frameworks",
					"$(inherited)",
				);
				GCC_PREPROCESSOR_DEFINITIONS = (
					"DEBUG=1",
					"$(inherited)",
				);
				INFOPLIST_FILE = "Test appTests/Info.plist";
				LD_RUNPATH_SEARCH_PATHS = "$(inherited) @executable_path/Frameworks @loader_path/Frameworks";
				PRODUCT_NAME = "$(TARGET_NAME)";
				TEST_HOST = "$(BUILT_PRODUCTS_DIR)/Test app.app/Test app";
			};
			name = Debug;
		};
		263CE9FE1AA6163A00ED14DB /* Release */ = {
			isa = XCBuildConfiguration;
			buildSettings = {
				BUNDLE_LOADER = "$(TEST_HOST)";
				FRAMEWORK_SEARCH_PATHS = (
					"$(SDKROOT)/Developer/Library/Frameworks",
					"$(inherited)",
				);
				INFOPLIST_FILE = "Test appTests/Info.plist";
				LD_RUNPATH_SEARCH_PATHS = "$(inherited) @executable_path/Frameworks @loader_path/Frameworks";
				PRODUCT_NAME = "$(TARGET_NAME)";
				TEST_HOST = "$(BUILT_PRODUCTS_DIR)/Test app.app/Test app";
			};
			name = Release;
		};
/* End XCBuildConfiguration section */

/* Begin XCConfigurationList section */
		263CE9D51AA6163700ED14DB /* Build configuration list for PBXProject "Test app" */ = {
			isa = XCConfigurationList;
			buildConfigurations = (
				263CE9F71AA6163A00ED14DB /* Debug */,
				263CE9F81AA6163A00ED14DB /* Release */,
			);
			defaultConfigurationIsVisible = 0;
			defaultConfigurationName = Release;
		};
		263CE9F91AA6163A00ED14DB /* Build configuration list for PBXNativeTarget "Test app" */ = {
			isa = XCConfigurationList;
			buildConfigurations = (
				263CE9FA1AA6163A00ED14DB /* Debug */,
				263CE9FB1AA6163A00ED14DB /* Release */,
			);
			defaultConfigurationIsVisible = 0;
			defaultConfigurationName = Release;
		};
		263CE9FC1AA6163A00ED14DB /* Build configuration list for PBXNativeTarget "Test appTests" */ = {
			isa = XCConfigurationList;
			buildConfigurations = (
				263CE9FD1AA6163A00ED14DB /* Debug */,
				263CE9FE1AA6163A00ED14DB /* Release */,
			);
			defaultConfigurationIsVisible = 0;
			defaultConfigurationName = Release;
		};
/* End XCConfigurationList section */
	};
	rootObject = 263CE9D21AA6163600ED14DB /* Project object */;
}
